
Microsoft Visual Studio Solution File, Format Version 12.00
# Visual Studio Version 16
VisualStudioVersion = 16.0.31025.194
MinimumVisualStudioVersion = 10.0.40219.1
Project("{9A19103F-16F7-4668-BE54-9A1E7A4F7556}") = "WaProject_React", "WaProject_React\WaProject_React.csproj", "{B9ACE548-4AE8-4F0F-A37A-42944DD1DC2D}"
EndProject
Global
	GlobalSection(SolutionConfigurationPlatforms) = preSolution
		Debug|Any CPU = Debug|Any CPU
		Release|Any CPU = Release|Any CPU
	EndGlobalSection
	GlobalSection(ProjectConfigurationPlatforms) = postSolution
		{B9ACE548-4AE8-4F0F-A37A-42944DD1DC2D}.Debug|Any CPU.ActiveCfg = Debug|Any CPU
		{B9ACE548-4AE8-4F0F-A37A-42944DD1DC2D}.Debug|Any CPU.Build.0 = Debug|Any CPU
		{B9ACE548-4AE8-4F0F-A37A-42944DD1DC2D}.Release|Any CPU.ActiveCfg = Release|Any CPU
		{B9ACE548-4AE8-4F0F-A37A-42944DD1DC2D}.Release|Any CPU.Build.0 = Release|Any CPU
	EndGlobalSection
	GlobalSection(SolutionProperties) = preSolution
		HideSolutionNode = FALSE
	EndGlobalSection
	GlobalSection(ExtensibilityGlobals) = postSolution
		SolutionGuid = {58D08AF5-7432-411F-B25F-DFA2D254C895}
	EndGlobalSection
EndGlobal
